
Microsoft Visual Studio Solution File, Format Version 12.00
# Visual Studio Version 17
VisualStudioVersion = 17.2.32602.215
MinimumVisualStudioVersion = 10.0.40219.1
Project("{FAE04EC0-301F-11D3-BF4B-00C04F79EFBC}") = "UIPrincipal", "UIPrincipal\UIPrincipal.csproj", "{927BD97C-B79B-414C-BB94-A01952DD75FD}"
EndProject
Project("{FAE04EC0-301F-11D3-BF4B-00C04F79EFBC}") = "Model", "Model\Model.csproj", "{9B3F7EDF-617A-4D2A-A15C-B2B517C0D278}"
EndProject
Project("{FAE04EC0-301F-11D3-BF4B-00C04F79EFBC}") = "BLL", "BLL\BLL.csproj", "{D8D7DA53-CCD7-48D0-8958-294ADDD80996}"
EndProject
Project("{FAE04EC0-301F-11D3-BF4B-00C04F79EFBC}") = "DAL", "DAL\DAL.csproj", "{C6C7E3CD-72BA-46BA-9A90-380B1CBF5304}"
EndProject
Global
	GlobalSection(SolutionConfigurationPlatforms) = preSolution
		Debug|Any CPU = Debug|Any CPU
		Release|Any CPU = Release|Any CPU
	EndGlobalSection
	GlobalSection(ProjectConfigurationPlatforms) = postSolution
		{927BD97C-B79B-414C-BB94-A01952DD75FD}.Debug|Any CPU.ActiveCfg = Debug|Any CPU
		{927BD97C-B79B-414C-BB94-A01952DD75FD}.Debug|Any CPU.Build.0 = Debug|Any CPU
		{927BD97C-B79B-414C-BB94-A01952DD75FD}.Release|Any CPU.ActiveCfg = Release|Any CPU
		{927BD97C-B79B-414C-BB94-A01952DD75FD}.Release|Any CPU.Build.0 = Release|Any CPU
		{9B3F7EDF-617A-4D2A-A15C-B2B517C0D278}.Debug|Any CPU.ActiveCfg = Debug|Any CPU
		{9B3F7EDF-617A-4D2A-A15C-B2B517C0D278}.Debug|Any CPU.Build.0 = Debug|Any CPU
		{9B3F7EDF-617A-4D2A-A15C-B2B517C0D278}.Release|Any CPU.ActiveCfg = Release|Any CPU
		{9B3F7EDF-617A-4D2A-A15C-B2B517C0D278}.Release|Any CPU.Build.0 = Release|Any CPU
		{D8D7DA53-CCD7-48D0-8958-294ADDD80996}.Debug|Any CPU.ActiveCfg = Debug|Any CPU
		{D8D7DA53-CCD7-48D0-8958-294ADDD80996}.Debug|Any CPU.Build.0 = Debug|Any CPU
		{D8D7DA53-CCD7-48D0-8958-294ADDD80996}.Release|Any CPU.ActiveCfg = Release|Any CPU
		{D8D7DA53-CCD7-48D0-8958-294ADDD80996}.Release|Any CPU.Build.0 = Release|Any CPU
		{C6C7E3CD-72BA-46BA-9A90-380B1CBF5304}.Debug|Any CPU.ActiveCfg = Debug|Any CPU
		{C6C7E3CD-72BA-46BA-9A90-380B1CBF5304}.Debug|Any CPU.Build.0 = Debug|Any CPU
		{C6C7E3CD-72BA-46BA-9A90-380B1CBF5304}.Release|Any CPU.ActiveCfg = Release|Any CPU
		{C6C7E3CD-72BA-46BA-9A90-380B1CBF5304}.Release|Any CPU.Build.0 = Release|Any CPU
	EndGlobalSection
	GlobalSection(SolutionProperties) = preSolution
		HideSolutionNode = FALSE
	EndGlobalSection
	GlobalSection(ExtensibilityGlobals) = postSolution
		SolutionGuid = {10D333CD-6875-4006-B188-7141BF8B3F57}
	EndGlobalSection
EndGlobal
